
Microsoft Visual Studio Solution File, Format Version 12.00
# Visual Studio 15
VisualStudioVersion = 15.0.28010.2041
MinimumVisualStudioVersion = 10.0.40219.1
Project("{8BC9CEB8-8B4A-11D0-8D11-00A0C91BC942}") = "Pix_Cache_Example", "Pix_Cache_Example\Pix_Cache_Example.vcxproj", "{5BCB9711-3244-4FEF-87EA-06C6A62C840D}"
EndProject
Global
	GlobalSection(SolutionConfigurationPlatforms) = preSolution
		Debug|x64 = Debug|x64
		Debug|x86 = Debug|x86
		Release|x64 = Release|x64
		Release|x86 = Release|x86
	EndGlobalSection
	GlobalSection(ProjectConfigurationPlatforms) = postSolution
		{5BCB9711-3244-4FEF-87EA-06C6A62C840D}.Debug|x64.ActiveCfg = Debug|x64
		{5BCB9711-3244-4FEF-87EA-06C6A62C840D}.Debug|x64.Build.0 = Debug|x64
		{5BCB9711-3244-4FEF-87EA-06C6A62C840D}.Debug|x86.ActiveCfg = Debug|Win32
		{5BCB9711-3244-4FEF-87EA-06C6A62C840D}.Debug|x86.Build.0 = Debug|Win32
		{5BCB9711-3244-4FEF-87EA-06C6A62C840D}.Release|x64.ActiveCfg = Release|x64
		{5BCB9711-3244-4FEF-87EA-06C6A62C840D}.Release|x64.Build.0 = Release|x64
		{5BCB9711-3244-4FEF-87EA-06C6A62C840D}.Release|x86.ActiveCfg = Release|Win32
		{5BCB9711-3244-4FEF-87EA-06C6A62C840D}.Release|x86.Build.0 = Release|Win32
	EndGlobalSection
	GlobalSection(SolutionProperties) = preSolution
		HideSolutionNode = FALSE
	EndGlobalSection
	GlobalSection(ExtensibilityGlobals) = postSolution
		SolutionGuid = {0470F8BC-1A4C-437A-ACE5-0B4F0ECEEC68}
	EndGlobalSection
EndGlobal
